
Microsoft Visual Studio Solution File, Format Version 12.00
# Visual Studio Version 17
VisualStudioVersion = 17.11.35222.181
MinimumVisualStudioVersion = 10.0.40219.1
Project("{9A19103F-16F7-4668-BE54-9A1E7A4F7556}") = "SimpleDynamicApi", "SimpleDynamicApi.csproj", "{1881017A-3017-454F-91F6-5B1A2107C22B}"
EndProject
Global
	GlobalSection(SolutionConfigurationPlatforms) = preSolution
		Debug|Any CPU = Debug|Any CPU
		Release|Any CPU = Release|Any CPU
	EndGlobalSection
	GlobalSection(ProjectConfigurationPlatforms) = postSolution
		{1881017A-3017-454F-91F6-5B1A2107C22B}.Debug|Any CPU.ActiveCfg = Debug|Any CPU
		{1881017A-3017-454F-91F6-5B1A2107C22B}.Debug|Any CPU.Build.0 = Debug|Any CPU
		{1881017A-3017-454F-91F6-5B1A2107C22B}.Release|Any CPU.ActiveCfg = Release|Any CPU
		{1881017A-3017-454F-91F6-5B1A2107C22B}.Release|Any CPU.Build.0 = Release|Any CPU
	EndGlobalSection
	GlobalSection(SolutionProperties) = preSolution
		HideSolutionNode = FALSE
	EndGlobalSection
	GlobalSection(ExtensibilityGlobals) = postSolution
		SolutionGuid = {1AB8FED0-D9EB-45CA-9521-1B3230AC81D1}
	EndGlobalSection
EndGlobal
